
Microsoft Visual Studio Solution File, Format Version 12.00
# Visual Studio Version 17
VisualStudioVersion = 17.7.34221.43
MinimumVisualStudioVersion = 10.0.40219.1
Project("{FAE04EC0-301F-11D3-BF4B-00C04F79EFBC}") = "Day5_HomeWork5", "Day5_HomeWork5\Day5_HomeWork5.csproj", "{A736E4F3-0E73-4C3B-B438-F1DCAFF3D445}"
EndProject
Global
	GlobalSection(SolutionConfigurationPlatforms) = preSolution
		Debug|Any CPU = Debug|Any CPU
		Release|Any CPU = Release|Any CPU
	EndGlobalSection
	GlobalSection(ProjectConfigurationPlatforms) = postSolution
		{A736E4F3-0E73-4C3B-B438-F1DCAFF3D445}.Debug|Any CPU.ActiveCfg = Debug|Any CPU
		{A736E4F3-0E73-4C3B-B438-F1DCAFF3D445}.Debug|Any CPU.Build.0 = Debug|Any CPU
		{A736E4F3-0E73-4C3B-B438-F1DCAFF3D445}.Release|Any CPU.ActiveCfg = Release|Any CPU
		{A736E4F3-0E73-4C3B-B438-F1DCAFF3D445}.Release|Any CPU.Build.0 = Release|Any CPU
	EndGlobalSection
	GlobalSection(SolutionProperties) = preSolution
		HideSolutionNode = FALSE
	EndGlobalSection
	GlobalSection(ExtensibilityGlobals) = postSolution
		SolutionGuid = {8EB0C2DD-8957-4907-95C7-B04AFE2F95F1}
	EndGlobalSection
EndGlobal
