
Microsoft Visual Studio Solution File, Format Version 12.00
# Visual Studio Version 17
VisualStudioVersion = 17.7.34221.43
MinimumVisualStudioVersion = 10.0.40219.1
Project("{FAE04EC0-301F-11D3-BF4B-00C04F79EFBC}") = "Day4_Upload", "Day4_Upload\Day4_Upload.csproj", "{F2970EFC-00B8-424D-8EC2-3B24767FCBE5}"
EndProject
Global
	GlobalSection(SolutionConfigurationPlatforms) = preSolution
		Debug|Any CPU = Debug|Any CPU
		Release|Any CPU = Release|Any CPU
	EndGlobalSection
	GlobalSection(ProjectConfigurationPlatforms) = postSolution
		{F2970EFC-00B8-424D-8EC2-3B24767FCBE5}.Debug|Any CPU.ActiveCfg = Debug|Any CPU
		{F2970EFC-00B8-424D-8EC2-3B24767FCBE5}.Debug|Any CPU.Build.0 = Debug|Any CPU
		{F2970EFC-00B8-424D-8EC2-3B24767FCBE5}.Release|Any CPU.ActiveCfg = Release|Any CPU
		{F2970EFC-00B8-424D-8EC2-3B24767FCBE5}.Release|Any CPU.Build.0 = Release|Any CPU
	EndGlobalSection
	GlobalSection(SolutionProperties) = preSolution
		HideSolutionNode = FALSE
	EndGlobalSection
	GlobalSection(ExtensibilityGlobals) = postSolution
		SolutionGuid = {F97B6861-AB49-4F7B-AAC9-EAA2BCC1707E}
	EndGlobalSection
EndGlobal
