
Microsoft Visual Studio Solution File, Format Version 12.00
# Visual Studio Version 17
VisualStudioVersion = 17.7.34221.43
MinimumVisualStudioVersion = 10.0.40219.1
Project("{FAE04EC0-301F-11D3-BF4B-00C04F79EFBC}") = "de_1_codeFirst", "de_1_codeFirst\de_1_codeFirst.csproj", "{9AAEB239-B94F-4DEA-94B2-55D2AA15327E}"
EndProject
Global
	GlobalSection(SolutionConfigurationPlatforms) = preSolution
		Debug|Any CPU = Debug|Any CPU
		Release|Any CPU = Release|Any CPU
	EndGlobalSection
	GlobalSection(ProjectConfigurationPlatforms) = postSolution
		{9AAEB239-B94F-4DEA-94B2-55D2AA15327E}.Debug|Any CPU.ActiveCfg = Debug|Any CPU
		{9AAEB239-B94F-4DEA-94B2-55D2AA15327E}.Debug|Any CPU.Build.0 = Debug|Any CPU
		{9AAEB239-B94F-4DEA-94B2-55D2AA15327E}.Release|Any CPU.ActiveCfg = Release|Any CPU
		{9AAEB239-B94F-4DEA-94B2-55D2AA15327E}.Release|Any CPU.Build.0 = Release|Any CPU
	EndGlobalSection
	GlobalSection(SolutionProperties) = preSolution
		HideSolutionNode = FALSE
	EndGlobalSection
	GlobalSection(ExtensibilityGlobals) = postSolution
		SolutionGuid = {261FB038-4726-4105-B0C4-EB1C955C0A6F}
	EndGlobalSection
EndGlobal
