
Microsoft Visual Studio Solution File, Format Version 12.00
# Visual Studio Version 17
VisualStudioVersion = 17.7.34221.43
MinimumVisualStudioVersion = 10.0.40219.1
Project("{FAE04EC0-301F-11D3-BF4B-00C04F79EFBC}") = "day1_Book", "day1_Book\day1_Book.csproj", "{679BFBEA-3AFB-413D-AC02-EB7B874E65A3}"
EndProject
Global
	GlobalSection(SolutionConfigurationPlatforms) = preSolution
		Debug|Any CPU = Debug|Any CPU
		Release|Any CPU = Release|Any CPU
	EndGlobalSection
	GlobalSection(ProjectConfigurationPlatforms) = postSolution
		{679BFBEA-3AFB-413D-AC02-EB7B874E65A3}.Debug|Any CPU.ActiveCfg = Debug|Any CPU
		{679BFBEA-3AFB-413D-AC02-EB7B874E65A3}.Debug|Any CPU.Build.0 = Debug|Any CPU
		{679BFBEA-3AFB-413D-AC02-EB7B874E65A3}.Release|Any CPU.ActiveCfg = Release|Any CPU
		{679BFBEA-3AFB-413D-AC02-EB7B874E65A3}.Release|Any CPU.Build.0 = Release|Any CPU
	EndGlobalSection
	GlobalSection(SolutionProperties) = preSolution
		HideSolutionNode = FALSE
	EndGlobalSection
	GlobalSection(ExtensibilityGlobals) = postSolution
		SolutionGuid = {E9BECE7D-A112-46B0-84B5-2B930AA45F86}
	EndGlobalSection
EndGlobal
