
Microsoft Visual Studio Solution File, Format Version 12.00
# Visual Studio Version 17
VisualStudioVersion = 17.6.33723.286
MinimumVisualStudioVersion = 10.0.40219.1
Project("{FAE04EC0-301F-11D3-BF4B-00C04F79EFBC}") = "WDA1", "WDA1\WDA1.csproj", "{FECA9E2E-BFEF-4B01-9D65-08C0FD1F9A76}"
EndProject
Global
	GlobalSection(SolutionConfigurationPlatforms) = preSolution
		Debug|Any CPU = Debug|Any CPU
		Release|Any CPU = Release|Any CPU
	EndGlobalSection
	GlobalSection(ProjectConfigurationPlatforms) = postSolution
		{FECA9E2E-BFEF-4B01-9D65-08C0FD1F9A76}.Debug|Any CPU.ActiveCfg = Debug|Any CPU
		{FECA9E2E-BFEF-4B01-9D65-08C0FD1F9A76}.Debug|Any CPU.Build.0 = Debug|Any CPU
		{FECA9E2E-BFEF-4B01-9D65-08C0FD1F9A76}.Release|Any CPU.ActiveCfg = Release|Any CPU
		{FECA9E2E-BFEF-4B01-9D65-08C0FD1F9A76}.Release|Any CPU.Build.0 = Release|Any CPU
	EndGlobalSection
	GlobalSection(SolutionProperties) = preSolution
		HideSolutionNode = FALSE
	EndGlobalSection
	GlobalSection(ExtensibilityGlobals) = postSolution
		SolutionGuid = {B675DCF1-B245-4CAD-BD53-6601569E241C}
	EndGlobalSection
EndGlobal
